
Microsoft Visual Studio Solution File, Format Version 11.00
# Visual Studio 2010
Project("{FAE04EC0-301F-11D3-BF4B-00C04F79EFBC}") = "NeptuneRAT Free Version V2", "neptunerat.csproj", "{DF920D34-191B-43F8-82B9-0B8E6105CC43}"
EndProject
Global
	GlobalSection(SolutionConfigurationPlatforms) = preSolution
		Debug|Any CPU = Debug|Any CPU
		Release|Any CPU = Release|Any CPU
	EndGlobalSection
	GlobalSection(ProjectConfigurationPlatforms) = postSolution
		{DF920D34-191B-43F8-82B9-0B8E6105CC43}.Debug|Any CPU.ActiveCfg = Debug|Any CPU
		{DF920D34-191B-43F8-82B9-0B8E6105CC43}.Debug|Any CPU.Build.0 = Debug|Any CPU
		{DF920D34-191B-43F8-82B9-0B8E6105CC43}.Release|Any CPU.ActiveCfg = Release|Any CPU
		{DF920D34-191B-43F8-82B9-0B8E6105CC43}.Release|Any CPU.Build.0 = Release|Any CPU
	EndGlobalSection
	GlobalSection(SolutionProperties) = preSolution
		HideSolutionNode = FALSE
	EndGlobalSection
EndGlobal
