
Microsoft Visual Studio Solution File, Format Version 11.00
# Visual Studio 2010
Project("{FAE04EC0-301F-11D3-BF4B-00C04F79EFBC}") = "CVMTrojan.Uncloseble", "CVMTrojan.Unclosable-net4.0.csproj", "{56EFA05C-188A-4EB8-8549-202EEC885658}"
EndProject
Global
	GlobalSection(SolutionConfigurationPlatforms) = preSolution
		Debug|Any CPU = Debug|Any CPU
		Release|Any CPU = Release|Any CPU
	EndGlobalSection
	GlobalSection(ProjectConfigurationPlatforms) = postSolution
		{56EFA05C-188A-4EB8-8549-202EEC885658}.Debug|Any CPU.ActiveCfg = Debug|Any CPU
		{56EFA05C-188A-4EB8-8549-202EEC885658}.Debug|Any CPU.Build.0 = Debug|Any CPU
		{56EFA05C-188A-4EB8-8549-202EEC885658}.Release|Any CPU.ActiveCfg = Release|Any CPU
		{56EFA05C-188A-4EB8-8549-202EEC885658}.Release|Any CPU.Build.0 = Release|Any CPU
	EndGlobalSection
	GlobalSection(SolutionProperties) = preSolution
		HideSolutionNode = FALSE
	EndGlobalSection
EndGlobal
